github.com/goccmack/gocc v0.0.0-20230228185258-2292f9e40198 h1:FSii2UQeSLngl3jFoR4tUKZLprO7qUlh/TKKticc0BM=
github.com/goccmack/gocc v0.0.0-20230228185258-2292f9e40198/go.mod h1:DTh/Y2+NbnOVVoypCCQrovMPDKUGp4yZpSbWg5D0XIM=
github.com/google/go-cmp v0.6.0 h1:ofyhxvXcZhMsU5ulbFiLKl/XBFqE1GSq7atu8tAmTRI=
github.com/google/go-cmp v0.6.0/go.mod h1:17dUlkBOakJ0+DkrSSNjCkIjxS6bF9zb3elmeNGIjoY=
github.com/jak9708/gonummat v0.0.1 h1:QLrrHiCGZ46cBpoJ7FkUSkA4qZJjCa3161kT2S37V5c=
github.com/jak9708/gonummat v0.0.1/go.mod h1:Mcp/HVEB46V0yBbAZHZxQGEBAd8MBmrcILmPohYDb+E=
golang.org/x/exp v0.0.0-20241108190413-2d47ceb2692f h1:XdNn9LlyWAhLVp6P/i8QYBW+hlyhrhei9uErw2B5GJo=
golang.org/x/exp v0.0.0-20241108190413-2d47ceb2692f/go.mod h1:D5SMRVC3C2/4+F/DB1wZsLRnSNimn2Sp/NPsCrsv8ak=
golang.org/x/mod v0.22.0 h1:D4nJWe9zXqHOmWqj4VMOJhvzj7bEZg4wEYa759z1pH4=
golang.org/x/mod v0.22.0/go.mod h1:6SkKJ3Xj0I0BrPOZoBy3bdMptDDU9oJrpohJ3eWZ1fY=
golang.org/x/tools v0.27.0 h1:qEKojBykQkQ4EynWy4S8Weg69NumxKdn40Fce3uc/8o=
golang.org/x/tools v0.27.0/go.mod h1:sUi0ZgbwW9ZPAq26Ekut+weQPR5eIM6GQLQ1Yjm1H0Q=
